
Microsoft Visual Studio Solution File, Format Version 11.00
# Visual Studio 2010
Project("{FAE04EC0-301F-11D3-BF4B-00C04F79EFBC}") = "HelloWorld", "HelloWorld\HelloWorld.csproj", "{E761ED6D-9F5A-4CDF-9BAE-4D379AA615CE}"
EndProject
Global
	GlobalSection(SolutionConfigurationPlatforms) = preSolution
		Debug|x86 = Debug|x86
		Release|x86 = Release|x86
	EndGlobalSection
	GlobalSection(ProjectConfigurationPlatforms) = postSolution
		{E761ED6D-9F5A-4CDF-9BAE-4D379AA615CE}.Debug|x86.ActiveCfg = Debug|x86
		{E761ED6D-9F5A-4CDF-9BAE-4D379AA615CE}.Debug|x86.Build.0 = Debug|x86
		{E761ED6D-9F5A-4CDF-9BAE-4D379AA615CE}.Release|x86.ActiveCfg = Release|x86
		{E761ED6D-9F5A-4CDF-9BAE-4D379AA615CE}.Release|x86.Build.0 = Release|x86
	EndGlobalSection
	GlobalSection(SolutionProperties) = preSolution
		HideSolutionNode = FALSE
	EndGlobalSection
EndGlobal
